
Microsoft Visual Studio Solution File, Format Version 12.00
# Visual Studio Version 17
VisualStudioVersion = 17.0.31903.59
MinimumVisualStudioVersion = 10.0.40219.1
Project("{2150E333-8FDC-42A3-9474-1A3956D46DE8}") = "src", "src", "{5E0E308C-B8D5-419B-B1E6-8648A03D6D64}"
EndProject
Project("{FAE04EC0-301F-11D3-BF4B-00C04F79EFBC}") = "LiveSplit.SumOfBest", "src\LiveSplit.SumOfBest\LiveSplit.SumOfBest.csproj", "{5314BF52-24A4-4B0C-AA71-328639F0F163}"
EndProject
Global
	GlobalSection(SolutionConfigurationPlatforms) = preSolution
		Debug|Any CPU = Debug|Any CPU
		Release|Any CPU = Release|Any CPU
	EndGlobalSection
	GlobalSection(SolutionProperties) = preSolution
		HideSolutionNode = FALSE
	EndGlobalSection
	GlobalSection(ProjectConfigurationPlatforms) = postSolution
		{5314BF52-24A4-4B0C-AA71-328639F0F163}.Debug|Any CPU.ActiveCfg = Debug|Any CPU
		{5314BF52-24A4-4B0C-AA71-328639F0F163}.Debug|Any CPU.Build.0 = Debug|Any CPU
		{5314BF52-24A4-4B0C-AA71-328639F0F163}.Release|Any CPU.ActiveCfg = Release|Any CPU
		{5314BF52-24A4-4B0C-AA71-328639F0F163}.Release|Any CPU.Build.0 = Release|Any CPU
	EndGlobalSection
	GlobalSection(NestedProjects) = preSolution
		{5314BF52-24A4-4B0C-AA71-328639F0F163} = {5E0E308C-B8D5-419B-B1E6-8648A03D6D64}
	EndGlobalSection
EndGlobal
